
Microsoft Visual Studio Solution File, Format Version 12.00
# Visual Studio Version 16
VisualStudioVersion = 16.0.31410.357
MinimumVisualStudioVersion = 10.0.40219.1
Project("{FAE04EC0-301F-11D3-BF4B-00C04F79EFBC}") = "LBL", "LBL\LBL.csproj", "{CBC9B877-AE7C-460F-95F3-E01417E5CDFF}"
EndProject
Global
	GlobalSection(SolutionConfigurationPlatforms) = preSolution
		Debug|Any CPU = Debug|Any CPU
		Release|Any CPU = Release|Any CPU
	EndGlobalSection
	GlobalSection(ProjectConfigurationPlatforms) = postSolution
		{CBC9B877-AE7C-460F-95F3-E01417E5CDFF}.Debug|Any CPU.ActiveCfg = Debug|Any CPU
		{CBC9B877-AE7C-460F-95F3-E01417E5CDFF}.Debug|Any CPU.Build.0 = Debug|Any CPU
		{CBC9B877-AE7C-460F-95F3-E01417E5CDFF}.Release|Any CPU.ActiveCfg = Release|Any CPU
		{CBC9B877-AE7C-460F-95F3-E01417E5CDFF}.Release|Any CPU.Build.0 = Release|Any CPU
	EndGlobalSection
	GlobalSection(SolutionProperties) = preSolution
		HideSolutionNode = FALSE
	EndGlobalSection
	GlobalSection(ExtensibilityGlobals) = postSolution
		SolutionGuid = {5007BEAA-62ED-491C-9522-337D905A613D}
	EndGlobalSection
EndGlobal
